
Microsoft Visual Studio Solution File, Format Version 12.00
# Visual Studio 15
VisualStudioVersion = 15.0.28307.136
MinimumVisualStudioVersion = 10.0.40219.1
Project("{2150E333-8FDC-42A3-9474-1A3956D46DE8}") = "Installer", "Installer", "{64982B57-7B1B-4A1A-829F-5A88B9480CAB}"
EndProject
Project("{FAE04EC0-301F-11D3-BF4B-00C04F79EFBC}") = "OpenPlantOPCSvc", "Installer\OpenPlantOPCSvc\OpenPlantOPCSvc.csproj", "{B1A5BD5C-1849-41D1-B6BD-CD1FD4F5D91A}"
EndProject
Project("{54435603-DBB4-11D2-8724-00A0C9A8B90C}") = "OpenPlantOPC-Setup", "OpenPlantOPC-Setup\OpenPlantOPC-Setup.vdproj", "{B4A26F96-40EB-4FF8-9B89-F5E5CA10B80C}"
EndProject
Project("{2150E333-8FDC-42A3-9474-1A3956D46DE8}") = "OPCFoundation UA", "OPCFoundation UA", "{F5A2F447-4DFB-435E-8CC3-FC449C6FEB9D}"
EndProject
Project("{FAE04EC0-301F-11D3-BF4B-00C04F79EFBC}") = "_UA Client Controls", "OPCFoundation UA\Controls\_UA Client Controls.csproj", "{A247D2EE-14FC-463D-A9BA-6CFF1EF22B7A}"
EndProject
Project("{FAE04EC0-301F-11D3-BF4B-00C04F79EFBC}") = "_UA Core Library", "OPCFoundation UA\Core\_UA Core Library.csproj", "{7543AFCB-F5AF-44AF-83C9-23164474C1E9}"
EndProject
Project("{2150E333-8FDC-42A3-9474-1A3956D46DE8}") = "OPCFoundation Classic", "OPCFoundation Classic", "{12A73F0E-827F-42AD-ACDA-5A37C5BF39F8}"
EndProject
Project("{FAE04EC0-301F-11D3-BF4B-00C04F79EFBC}") = "OPC NET COM Wrapper", "OPCFoundation Classic\COM Wrapper\OPC NET COM Wrapper.csproj", "{170A5455-A090-4F26-810F-15F71BBF87E6}"
EndProject
Project("{FAE04EC0-301F-11D3-BF4B-00C04F79EFBC}") = "OPC NET API", "OPCFoundation Classic\Core\OPC NET API.csproj", "{98B6E5A1-6FED-434E-B568-9C68D5F9959C}"
EndProject
Project("{FAE04EC0-301F-11D3-BF4B-00C04F79EFBC}") = "OPC COM RCW", "OPCFoundation Classic\NetRcw\OPC COM RCW.csproj", "{75A956D6-285B-46C9-B713-1500582F8C62}"
EndProject
Project("{FAE04EC0-301F-11D3-BF4B-00C04F79EFBC}") = "OPC NET XML Wrapper", "OPCFoundation Classic\XML Wrapper\OPC NET XML Wrapper.csproj", "{82283125-79FD-4A52-948A-A928CC51C07B}"
EndProject
Project("{FAE04EC0-301F-11D3-BF4B-00C04F79EFBC}") = "_UA Configuration Library", "OPCFoundation UA\Configuration\_UA Configuration Library.csproj", "{8AB4CB8E-E216-425D-B600-350D0B6B59CD}"
EndProject
Project("{FAE04EC0-301F-11D3-BF4B-00C04F79EFBC}") = "_UA Client Library", "OPCFoundation UA\Client\_UA Client Library.csproj", "{42E9198C-ED2C-4BC8-B0A1-55D91D8F1E90}"
EndProject
Project("{FAE04EC0-301F-11D3-BF4B-00C04F79EFBC}") = "OpenPlantOPC", "OpenPlantOPC\OpenPlantOPC.csproj", "{300F7A58-72B8-44AB-A7A1-EB79DD999AD8}"
EndProject
Project("{FAE04EC0-301F-11D3-BF4B-00C04F79EFBC}") = "OpenPlantOPCAdmin", "OpenPlantOPCAdmin\OpenPlantOPCAdmin.csproj", "{EEB4CC51-6983-4B80-93D7-375BC4ABC05E}"
EndProject
Project("{FAE04EC0-301F-11D3-BF4B-00C04F79EFBC}") = "OpenPlantOPCTest", "OpenPlantOPCTest\OpenPlantOPCTest.csproj", "{6C1C578C-3DC1-4DB2-AF38-F399D0E2F841}"
EndProject
Global
	GlobalSection(SolutionConfigurationPlatforms) = preSolution
		Debug|Any CPU = Debug|Any CPU
		Release|Any CPU = Release|Any CPU
	EndGlobalSection
	GlobalSection(ProjectConfigurationPlatforms) = postSolution
		{B1A5BD5C-1849-41D1-B6BD-CD1FD4F5D91A}.Debug|Any CPU.ActiveCfg = Debug|Any CPU
		{B1A5BD5C-1849-41D1-B6BD-CD1FD4F5D91A}.Debug|Any CPU.Build.0 = Debug|Any CPU
		{B1A5BD5C-1849-41D1-B6BD-CD1FD4F5D91A}.Release|Any CPU.ActiveCfg = Release|Any CPU
		{B1A5BD5C-1849-41D1-B6BD-CD1FD4F5D91A}.Release|Any CPU.Build.0 = Release|Any CPU
		{B4A26F96-40EB-4FF8-9B89-F5E5CA10B80C}.Debug|Any CPU.ActiveCfg = Debug
		{B4A26F96-40EB-4FF8-9B89-F5E5CA10B80C}.Release|Any CPU.ActiveCfg = Release
		{A247D2EE-14FC-463D-A9BA-6CFF1EF22B7A}.Debug|Any CPU.ActiveCfg = Debug|Any CPU
		{A247D2EE-14FC-463D-A9BA-6CFF1EF22B7A}.Debug|Any CPU.Build.0 = Debug|Any CPU
		{A247D2EE-14FC-463D-A9BA-6CFF1EF22B7A}.Release|Any CPU.ActiveCfg = Release|Any CPU
		{A247D2EE-14FC-463D-A9BA-6CFF1EF22B7A}.Release|Any CPU.Build.0 = Release|Any CPU
		{7543AFCB-F5AF-44AF-83C9-23164474C1E9}.Debug|Any CPU.ActiveCfg = Debug|Any CPU
		{7543AFCB-F5AF-44AF-83C9-23164474C1E9}.Debug|Any CPU.Build.0 = Debug|Any CPU
		{7543AFCB-F5AF-44AF-83C9-23164474C1E9}.Release|Any CPU.ActiveCfg = Release|Any CPU
		{7543AFCB-F5AF-44AF-83C9-23164474C1E9}.Release|Any CPU.Build.0 = Release|Any CPU
		{170A5455-A090-4F26-810F-15F71BBF87E6}.Debug|Any CPU.ActiveCfg = Debug|Any CPU
		{170A5455-A090-4F26-810F-15F71BBF87E6}.Debug|Any CPU.Build.0 = Debug|Any CPU
		{170A5455-A090-4F26-810F-15F71BBF87E6}.Release|Any CPU.ActiveCfg = Release|Any CPU
		{170A5455-A090-4F26-810F-15F71BBF87E6}.Release|Any CPU.Build.0 = Release|Any CPU
		{98B6E5A1-6FED-434E-B568-9C68D5F9959C}.Debug|Any CPU.ActiveCfg = Debug|Any CPU
		{98B6E5A1-6FED-434E-B568-9C68D5F9959C}.Debug|Any CPU.Build.0 = Debug|Any CPU
		{98B6E5A1-6FED-434E-B568-9C68D5F9959C}.Release|Any CPU.ActiveCfg = Release|Any CPU
		{98B6E5A1-6FED-434E-B568-9C68D5F9959C}.Release|Any CPU.Build.0 = Release|Any CPU
		{75A956D6-285B-46C9-B713-1500582F8C62}.Debug|Any CPU.ActiveCfg = Debug|Any CPU
		{75A956D6-285B-46C9-B713-1500582F8C62}.Debug|Any CPU.Build.0 = Debug|Any CPU
		{75A956D6-285B-46C9-B713-1500582F8C62}.Release|Any CPU.ActiveCfg = Release|Any CPU
		{75A956D6-285B-46C9-B713-1500582F8C62}.Release|Any CPU.Build.0 = Release|Any CPU
		{82283125-79FD-4A52-948A-A928CC51C07B}.Debug|Any CPU.ActiveCfg = Debug|Any CPU
		{82283125-79FD-4A52-948A-A928CC51C07B}.Debug|Any CPU.Build.0 = Debug|Any CPU
		{82283125-79FD-4A52-948A-A928CC51C07B}.Release|Any CPU.ActiveCfg = Release|Any CPU
		{82283125-79FD-4A52-948A-A928CC51C07B}.Release|Any CPU.Build.0 = Release|Any CPU
		{8AB4CB8E-E216-425D-B600-350D0B6B59CD}.Debug|Any CPU.ActiveCfg = Debug|Any CPU
		{8AB4CB8E-E216-425D-B600-350D0B6B59CD}.Debug|Any CPU.Build.0 = Debug|Any CPU
		{8AB4CB8E-E216-425D-B600-350D0B6B59CD}.Release|Any CPU.ActiveCfg = Release|Any CPU
		{8AB4CB8E-E216-425D-B600-350D0B6B59CD}.Release|Any CPU.Build.0 = Release|Any CPU
		{42E9198C-ED2C-4BC8-B0A1-55D91D8F1E90}.Debug|Any CPU.ActiveCfg = Debug|Any CPU
		{42E9198C-ED2C-4BC8-B0A1-55D91D8F1E90}.Debug|Any CPU.Build.0 = Debug|Any CPU
		{42E9198C-ED2C-4BC8-B0A1-55D91D8F1E90}.Release|Any CPU.ActiveCfg = Release|Any CPU
		{42E9198C-ED2C-4BC8-B0A1-55D91D8F1E90}.Release|Any CPU.Build.0 = Release|Any CPU
		{300F7A58-72B8-44AB-A7A1-EB79DD999AD8}.Debug|Any CPU.ActiveCfg = Debug|Any CPU
		{300F7A58-72B8-44AB-A7A1-EB79DD999AD8}.Debug|Any CPU.Build.0 = Debug|Any CPU
		{300F7A58-72B8-44AB-A7A1-EB79DD999AD8}.Release|Any CPU.ActiveCfg = Release|Any CPU
		{300F7A58-72B8-44AB-A7A1-EB79DD999AD8}.Release|Any CPU.Build.0 = Release|Any CPU
		{EEB4CC51-6983-4B80-93D7-375BC4ABC05E}.Debug|Any CPU.ActiveCfg = Debug|Any CPU
		{EEB4CC51-6983-4B80-93D7-375BC4ABC05E}.Debug|Any CPU.Build.0 = Debug|Any CPU
		{EEB4CC51-6983-4B80-93D7-375BC4ABC05E}.Release|Any CPU.ActiveCfg = Release|Any CPU
		{EEB4CC51-6983-4B80-93D7-375BC4ABC05E}.Release|Any CPU.Build.0 = Release|Any CPU
		{6C1C578C-3DC1-4DB2-AF38-F399D0E2F841}.Debug|Any CPU.ActiveCfg = Debug|Any CPU
		{6C1C578C-3DC1-4DB2-AF38-F399D0E2F841}.Debug|Any CPU.Build.0 = Debug|Any CPU
		{6C1C578C-3DC1-4DB2-AF38-F399D0E2F841}.Release|Any CPU.ActiveCfg = Release|Any CPU
		{6C1C578C-3DC1-4DB2-AF38-F399D0E2F841}.Release|Any CPU.Build.0 = Release|Any CPU
	EndGlobalSection
	GlobalSection(SolutionProperties) = preSolution
		HideSolutionNode = FALSE
	EndGlobalSection
	GlobalSection(NestedProjects) = preSolution
		{B1A5BD5C-1849-41D1-B6BD-CD1FD4F5D91A} = {64982B57-7B1B-4A1A-829F-5A88B9480CAB}
		{B4A26F96-40EB-4FF8-9B89-F5E5CA10B80C} = {64982B57-7B1B-4A1A-829F-5A88B9480CAB}
		{A247D2EE-14FC-463D-A9BA-6CFF1EF22B7A} = {F5A2F447-4DFB-435E-8CC3-FC449C6FEB9D}
		{7543AFCB-F5AF-44AF-83C9-23164474C1E9} = {F5A2F447-4DFB-435E-8CC3-FC449C6FEB9D}
		{170A5455-A090-4F26-810F-15F71BBF87E6} = {12A73F0E-827F-42AD-ACDA-5A37C5BF39F8}
		{98B6E5A1-6FED-434E-B568-9C68D5F9959C} = {12A73F0E-827F-42AD-ACDA-5A37C5BF39F8}
		{75A956D6-285B-46C9-B713-1500582F8C62} = {12A73F0E-827F-42AD-ACDA-5A37C5BF39F8}
		{82283125-79FD-4A52-948A-A928CC51C07B} = {12A73F0E-827F-42AD-ACDA-5A37C5BF39F8}
		{8AB4CB8E-E216-425D-B600-350D0B6B59CD} = {F5A2F447-4DFB-435E-8CC3-FC449C6FEB9D}
		{42E9198C-ED2C-4BC8-B0A1-55D91D8F1E90} = {F5A2F447-4DFB-435E-8CC3-FC449C6FEB9D}
	EndGlobalSection
	GlobalSection(ExtensibilityGlobals) = postSolution
		SolutionGuid = {C0E3B057-E35D-468F-B67E-47E51E241278}
	EndGlobalSection
	GlobalSection(Performance) = preSolution
		HasPerformanceSessions = true
	EndGlobalSection
EndGlobal
